
Microsoft Visual Studio Solution File, Format Version 12.00
# Visual Studio 14
VisualStudioVersion = 14.0.24720.0
MinimumVisualStudioVersion = 10.0.40219.1
Project("{FAE04EC0-301F-11D3-BF4B-00C04F79EFBC}") = "ServiceControl.Plugin.Nsb6.SagaAudit", "ServiceControl.Plugin.Nsb6.SagaAudit\ServiceControl.Plugin.Nsb6.SagaAudit.csproj", "{97079A73-235E-4D52-A6DF-EBF3BF0F4971}"
EndProject
Project("{FAE04EC0-301F-11D3-BF4B-00C04F79EFBC}") = "ServiceControl.Plugin.Nsb6.SagaAudit.Tests", "ServiceControl.Plugin.Nsb6.SagaAudit.Tests\ServiceControl.Plugin.Nsb6.SagaAudit.Tests.csproj", "{8654E090-6007-4476-A769-AE8B08C44E63}"
EndProject
Project("{FAE04EC0-301F-11D3-BF4B-00C04F79EFBC}") = "ServiceControl.Plugin.Nsb6.SagaAudit.AcceptanceTests", "ServiceControl.Plugin.Nsb6.SagaAudit.AcceptanceTests\ServiceControl.Plugin.Nsb6.SagaAudit.AcceptanceTests.csproj", "{D1E7266A-1FB8-4677-99E4-D98989076723}"
EndProject
Project("{FAE04EC0-301F-11D3-BF4B-00C04F79EFBC}") = "ServiceControl.Plugin.Nsb6.SagaAudit.SmokeTest", "ServiceControl.Plugin.Nsb6.SagaAudit.SmokeTest\ServiceControl.Plugin.Nsb6.SagaAudit.SmokeTest.csproj", "{684EE59A-1E34-4DA4-8138-C6ABB070F045}"
EndProject
Global
	GlobalSection(SolutionConfigurationPlatforms) = preSolution
		Debug|Any CPU = Debug|Any CPU
		Release|Any CPU = Release|Any CPU
	EndGlobalSection
	GlobalSection(ProjectConfigurationPlatforms) = postSolution
		{97079A73-235E-4D52-A6DF-EBF3BF0F4971}.Debug|Any CPU.ActiveCfg = Debug|Any CPU
		{97079A73-235E-4D52-A6DF-EBF3BF0F4971}.Debug|Any CPU.Build.0 = Debug|Any CPU
		{97079A73-235E-4D52-A6DF-EBF3BF0F4971}.Release|Any CPU.ActiveCfg = Release|Any CPU
		{97079A73-235E-4D52-A6DF-EBF3BF0F4971}.Release|Any CPU.Build.0 = Release|Any CPU
		{8654E090-6007-4476-A769-AE8B08C44E63}.Debug|Any CPU.ActiveCfg = Debug|Any CPU
		{8654E090-6007-4476-A769-AE8B08C44E63}.Debug|Any CPU.Build.0 = Debug|Any CPU
		{8654E090-6007-4476-A769-AE8B08C44E63}.Release|Any CPU.ActiveCfg = Release|Any CPU
		{8654E090-6007-4476-A769-AE8B08C44E63}.Release|Any CPU.Build.0 = Release|Any CPU
		{D1E7266A-1FB8-4677-99E4-D98989076723}.Debug|Any CPU.ActiveCfg = Debug|Any CPU
		{D1E7266A-1FB8-4677-99E4-D98989076723}.Debug|Any CPU.Build.0 = Debug|Any CPU
		{D1E7266A-1FB8-4677-99E4-D98989076723}.Release|Any CPU.ActiveCfg = Release|Any CPU
		{D1E7266A-1FB8-4677-99E4-D98989076723}.Release|Any CPU.Build.0 = Release|Any CPU
		{684EE59A-1E34-4DA4-8138-C6ABB070F045}.Debug|Any CPU.ActiveCfg = Debug|Any CPU
		{684EE59A-1E34-4DA4-8138-C6ABB070F045}.Debug|Any CPU.Build.0 = Debug|Any CPU
		{684EE59A-1E34-4DA4-8138-C6ABB070F045}.Release|Any CPU.ActiveCfg = Release|Any CPU
		{684EE59A-1E34-4DA4-8138-C6ABB070F045}.Release|Any CPU.Build.0 = Release|Any CPU
	EndGlobalSection
	GlobalSection(SolutionProperties) = preSolution
		HideSolutionNode = FALSE
	EndGlobalSection
EndGlobal
